
Microsoft Visual Studio Solution File, Format Version 12.00
# Visual Studio Version 17
VisualStudioVersion = 17.5.33424.131
MinimumVisualStudioVersion = 10.0.40219.1
Project("{FAE04EC0-301F-11D3-BF4B-00C04F79EFBC}") = "BuilderDesignPattern2", "BuilderDesignPattern2\BuilderDesignPattern2.csproj", "{8EE5F128-6E4E-4D9D-AF6E-AF75611BAA1E}"
EndProject
Global
	GlobalSection(SolutionConfigurationPlatforms) = preSolution
		Debug|Any CPU = Debug|Any CPU
		Release|Any CPU = Release|Any CPU
	EndGlobalSection
	GlobalSection(ProjectConfigurationPlatforms) = postSolution
		{8EE5F128-6E4E-4D9D-AF6E-AF75611BAA1E}.Debug|Any CPU.ActiveCfg = Debug|Any CPU
		{8EE5F128-6E4E-4D9D-AF6E-AF75611BAA1E}.Debug|Any CPU.Build.0 = Debug|Any CPU
		{8EE5F128-6E4E-4D9D-AF6E-AF75611BAA1E}.Release|Any CPU.ActiveCfg = Release|Any CPU
		{8EE5F128-6E4E-4D9D-AF6E-AF75611BAA1E}.Release|Any CPU.Build.0 = Release|Any CPU
	EndGlobalSection
	GlobalSection(SolutionProperties) = preSolution
		HideSolutionNode = FALSE
	EndGlobalSection
	GlobalSection(ExtensibilityGlobals) = postSolution
		SolutionGuid = {6CF80D3C-B5B1-4786-B6D1-E885EAA59787}
	EndGlobalSection
EndGlobal
